
Microsoft Visual Studio Solution File, Format Version 12.00
# Visual Studio Version 17
VisualStudioVersion = 17.5.001.0
MinimumVisualStudioVersion = 10.0.40219.1
Project("{9A19103F-16F7-4668-BE54-9A1E7A4F7556}") = "api", "api\api.csproj", "{40B5415A-0B42-4255-A559-0E69D4EEACCC}"
EndProject
Project("{9A19103F-16F7-4668-BE54-9A1E7A4F7556}") = "jwtAuth", "jwtAuth\jwtAuth.csproj", "{3F098E1C-140D-4D1F-9B3C-E59A841E0A78}"
EndProject
Project("{9A19103F-16F7-4668-BE54-9A1E7A4F7556}") = "model", "model\model.csproj", "{F2E7B3A7-2FEF-48E0-AE94-4E78FA37276A}"
EndProject
Project("{9A19103F-16F7-4668-BE54-9A1E7A4F7556}") = "repository", "repository\repository.csproj", "{8EF2DA33-A485-495C-994B-EBD223BE3BB7}"
EndProject
Global
	GlobalSection(SolutionConfigurationPlatforms) = preSolution
		Debug|Any CPU = Debug|Any CPU
		Release|Any CPU = Release|Any CPU
	EndGlobalSection
	GlobalSection(ProjectConfigurationPlatforms) = postSolution
		{40B5415A-0B42-4255-A559-0E69D4EEACCC}.Debug|Any CPU.ActiveCfg = Debug|Any CPU
		{40B5415A-0B42-4255-A559-0E69D4EEACCC}.Debug|Any CPU.Build.0 = Debug|Any CPU
		{40B5415A-0B42-4255-A559-0E69D4EEACCC}.Release|Any CPU.ActiveCfg = Release|Any CPU
		{40B5415A-0B42-4255-A559-0E69D4EEACCC}.Release|Any CPU.Build.0 = Release|Any CPU
		{3F098E1C-140D-4D1F-9B3C-E59A841E0A78}.Debug|Any CPU.ActiveCfg = Debug|Any CPU
		{3F098E1C-140D-4D1F-9B3C-E59A841E0A78}.Debug|Any CPU.Build.0 = Debug|Any CPU
		{3F098E1C-140D-4D1F-9B3C-E59A841E0A78}.Release|Any CPU.ActiveCfg = Release|Any CPU
		{3F098E1C-140D-4D1F-9B3C-E59A841E0A78}.Release|Any CPU.Build.0 = Release|Any CPU
		{F2E7B3A7-2FEF-48E0-AE94-4E78FA37276A}.Debug|Any CPU.ActiveCfg = Debug|Any CPU
		{F2E7B3A7-2FEF-48E0-AE94-4E78FA37276A}.Debug|Any CPU.Build.0 = Debug|Any CPU
		{F2E7B3A7-2FEF-48E0-AE94-4E78FA37276A}.Release|Any CPU.ActiveCfg = Release|Any CPU
		{F2E7B3A7-2FEF-48E0-AE94-4E78FA37276A}.Release|Any CPU.Build.0 = Release|Any CPU
		{8EF2DA33-A485-495C-994B-EBD223BE3BB7}.Debug|Any CPU.ActiveCfg = Debug|Any CPU
		{8EF2DA33-A485-495C-994B-EBD223BE3BB7}.Debug|Any CPU.Build.0 = Debug|Any CPU
		{8EF2DA33-A485-495C-994B-EBD223BE3BB7}.Release|Any CPU.ActiveCfg = Release|Any CPU
		{8EF2DA33-A485-495C-994B-EBD223BE3BB7}.Release|Any CPU.Build.0 = Release|Any CPU
	EndGlobalSection
	GlobalSection(SolutionProperties) = preSolution
		HideSolutionNode = FALSE
	EndGlobalSection
	GlobalSection(ExtensibilityGlobals) = postSolution
		SolutionGuid = {AF4E7564-0F71-420D-A79B-B73A2FC1B33A}
	EndGlobalSection
EndGlobal
